
Microsoft Visual Studio Solution File, Format Version 12.00
# Visual Studio Version 17
VisualStudioVersion = 17.2.32519.379
MinimumVisualStudioVersion = 10.0.40219.1
Project("{888888A0-9F3D-457C-B088-3A5042F75D52}") = "Praktilinetöö_Mihhalenkov", "Praktilinetöö_Mihhalenkov.pyproj", "{F830F5F0-23E8-49AA-8058-5A98F28949EC}"
EndProject
Global
	GlobalSection(SolutionConfigurationPlatforms) = preSolution
		Debug|Any CPU = Debug|Any CPU
		Release|Any CPU = Release|Any CPU
	EndGlobalSection
	GlobalSection(ProjectConfigurationPlatforms) = postSolution
		{F830F5F0-23E8-49AA-8058-5A98F28949EC}.Debug|Any CPU.ActiveCfg = Debug|Any CPU
		{F830F5F0-23E8-49AA-8058-5A98F28949EC}.Release|Any CPU.ActiveCfg = Release|Any CPU
	EndGlobalSection
	GlobalSection(SolutionProperties) = preSolution
		HideSolutionNode = FALSE
	EndGlobalSection
	GlobalSection(ExtensibilityGlobals) = postSolution
		SolutionGuid = {0D008EEA-7446-45D0-8877-4DC530F4608B}
	EndGlobalSection
EndGlobal
